
Microsoft Visual Studio Solution File, Format Version 12.00
# Visual Studio Version 17
VisualStudioVersion = 17.9.34701.34
MinimumVisualStudioVersion = 10.0.40219.1
Project("{F184B08F-C81C-45F6-A57F-5ABD9991F28F}") = "ConsoleApp9", "ConsoleApp9\ConsoleApp9.vbproj", "{0E5A0711-BAC8-49AF-8DEF-848DA96CE8CB}"
EndProject
Global
	GlobalSection(SolutionConfigurationPlatforms) = preSolution
		Debug|Any CPU = Debug|Any CPU
		Release|Any CPU = Release|Any CPU
	EndGlobalSection
	GlobalSection(ProjectConfigurationPlatforms) = postSolution
		{0E5A0711-BAC8-49AF-8DEF-848DA96CE8CB}.Debug|Any CPU.ActiveCfg = Debug|Any CPU
		{0E5A0711-BAC8-49AF-8DEF-848DA96CE8CB}.Debug|Any CPU.Build.0 = Debug|Any CPU
		{0E5A0711-BAC8-49AF-8DEF-848DA96CE8CB}.Release|Any CPU.ActiveCfg = Release|Any CPU
		{0E5A0711-BAC8-49AF-8DEF-848DA96CE8CB}.Release|Any CPU.Build.0 = Release|Any CPU
	EndGlobalSection
	GlobalSection(SolutionProperties) = preSolution
		HideSolutionNode = FALSE
	EndGlobalSection
	GlobalSection(ExtensibilityGlobals) = postSolution
		SolutionGuid = {5DFD821E-0771-4B20-AC13-20042C072CFF}
	EndGlobalSection
EndGlobal
